DEPENDENCIES
  nsswitch
    git: git://github.com/sysbot/nsswitch-chef.git
    revision: 98a0bc87a59377734699f21b570b4e59472d634b
  samba
    path: .
    metadata: true
  samba-test
    path: test/cookbooks/samba-test

GRAPH
  apt (2.4.0)
  nsswitch (0.1.0)
  resolver (1.1.4)
  samba (0.0.1)
    apt (>= 0.0.0)
    nsswitch (>= 0.0.0)
  samba-test (0.0.1)
    resolver (>= 0.0.0)
    samba (>= 0.0.0)
