DEPENDENCIES
  nsswitch
    git: https://github.com/sysbot/nsswitch-chef.git
    revision: 9a28e3fe9cea987a20c053e378e41f6035606bd0
  samba
    path: .
    metadata: true
  samba-test
    path: test/cookbooks/samba-test

GRAPH
  apt (6.1.3)
  nsswitch (0.1.0)
  resolver (2.0.1)
  samba (0.0.2)
    apt (>= 0.0.0)
    nsswitch (>= 0.0.0)
  samba-test (0.0.1)
    resolver (>= 0.0.0)
    samba (>= 0.0.0)
